// !$*UTF8*$!
{
	archiveVersion = 1;
	classes = {
	};
	objectVersion = 46;
	objects = {

/* Begin PBXBuildFile section */
		4C4E17301F4D0FCF005BE585 /* AppDelegate.swift in Sources */ = {isa = PBXBuildFile; fileRef = 4C4E172F1F4D0FCF005BE585 /* AppDelegate.swift */; };
		4C4E17321F4D0FCF005BE585 /* ViewController.swift in Sources */ = {isa = PBXBuildFile; fileRef = 4C4E17311F4D0FCF005BE585 /* ViewController.swift */; };
		4C4E17351F4D0FCF005BE585 /* Main.storyboard in Resources */ = {isa = PBXBuildFile; fileRef = 4C4E17331F4D0FCF005BE585 /* Main.storyboard */; };
		4C4E17381F4D0FCF005BE585 /* SpreadsheetViewDemo.xcdatamodeld in Sources */ = {isa = PBXBuildFile; fileRef = 4C4E17361F4D0FCF005BE585 /* SpreadsheetViewDemo.xcdatamodeld */; };
		4C4E173A1F4D0FCF005BE585 /* Assets.xcassets in Resources */ = {isa = PBXBuildFile; fileRef = 4C4E17391F4D0FCF005BE585 /* Assets.xcassets */; };
		4C4E173D1F4D0FCF005BE585 /* LaunchScreen.storyboard in Resources */ = {isa = PBXBuildFile; fileRef = 4C4E173B1F4D0FCF005BE585 /* LaunchScreen.storyboard */; };
		4CAC36CE1F4D1060007C095A /* Data.swift in Sources */ = {isa = PBXBuildFile; fileRef = 4CAC36CD1F4D1060007C095A /* Data.swift */; };
		4CAC36E31F4D10B7007C095A /* SpreadsheetView.framework in Frameworks */ = {isa = PBXBuildFile; fileRef = 4CAC36E21F4D10A1007C095A /* SpreadsheetView.framework */; };
		4CAC36E41F4D10B7007C095A /* SpreadsheetView.framework in Embed Frameworks */ = {isa = PBXBuildFile; fileRef = 4CAC36E21F4D10A1007C095A /* SpreadsheetView.framework */; settings = {ATTRIBUTES = (CodeSignOnCopy, RemoveHeadersOnCopy, ); }; };
/* End PBXBuildFile section */

/* Begin PBXContainerItemProxy section */
		4CAC36E11F4D10A1007C095A /* PBXContainerItemProxy */ = {
			isa = PBXContainerItemProxy;
			containerPortal = 4CAC36DD1F4D10A1007C095A /* SpreadsheetView.xcodeproj */;
			proxyType = 2;
			remoteGlobalIDString = 4C4E17181F4D0FA0005BE585;
			remoteInfo = SpreadsheetView;
		};
		4CAC36E51F4D10B7007C095A /* PBXContainerItemProxy */ = {
			isa = PBXContainerItemProxy;
			containerPortal = 4CAC36DD1F4D10A1007C095A /* SpreadsheetView.xcodeproj */;
			proxyType = 1;
			remoteGlobalIDString = 4C4E17171F4D0FA0005BE585;
			remoteInfo = SpreadsheetView;
		};
/* End PBXContainerItemProxy section */

/* Begin PBXCopyFilesBuildPhase section */
		4CAC36E71F4D10B7007C095A /* Embed Frameworks */ = {
			isa = PBXCopyFilesBuildPhase;
			buildActionMask = 2147483647;
			dstPath = "";
			dstSubfolderSpec = 10;
			files = (
				4CAC36E41F4D10B7007C095A /* SpreadsheetView.framework in Embed Frameworks */,
			);
			name = "Embed Frameworks";
			runOnlyForDeploymentPostprocessing = 0;
		};
/* End PBXCopyFilesBuildPhase section */

/* Begin PBXFileReference section */
		4C4E172C1F4D0FCF005BE585 /* SpreadsheetViewDemo.app */ = {isa = PBXFileReference; explicitFileType = wrapper.application; includeInIndex = 0; path = SpreadsheetViewDemo.app; sourceTree = BUILT_PRODUCTS_DIR; };
		4C4E172F1F4D0FCF005BE585 /* AppDelegate.swift */ = {isa = PBXFileReference; lastKnownFileType = sourcecode.swift; path = AppDelegate.swift; sourceTree = "<group>"; };
		4C4E17311F4D0FCF005BE585 /* ViewController.swift */ = {isa = PBXFileReference; lastKnownFileType = sourcecode.swift; path = ViewController.swift; sourceTree = "<group>"; };
		4C4E17341F4D0FCF005BE585 /* Base */ = {isa = PBXFileReference; lastKnownFileType = file.storyboard; name = Base; path = Base.lproj/Main.storyboard; sourceTree = "<group>"; };
		4C4E17371F4D0FCF005BE585 /* SpreadsheetViewDemo.xcdatamodel */ = {isa = PBXFileReference; lastKnownFileType = wrapper.xcdatamodel; path = SpreadsheetViewDemo.xcdatamodel; sourceTree = "<group>"; };
		4C4E17391F4D0FCF005BE585 /* Assets.xcassets */ = {isa = PBXFileReference; lastKnownFileType = folder.assetcatalog; path = Assets.xcassets; sourceTree = "<group>"; };
		4C4E173C1F4D0FCF005BE585 /* Base */ = {isa = PBXFileReference; lastKnownFileType = file.storyboard; name = Base; path = Base.lproj/LaunchScreen.storyboard; sourceTree = "<group>"; };
		4C4E173E1F4D0FCF005BE585 /* Info.plist */ = {isa = PBXFileReference; lastKnownFileType = text.plist.xml; path = Info.plist; sourceTree = "<group>"; };
		4CAC36CD1F4D1060007C095A /* Data.swift */ = {isa = PBXFileReference; fileEncoding = 4; lastKnownFileType = sourcecode.swift; path = Data.swift; sourceTree = "<group>"; };
		4CAC36DD1F4D10A1007C095A /* SpreadsheetView.xcodeproj */ = {isa = PBXFileReference; lastKnownFileType = "wrapper.pb-project"; name = SpreadsheetView.xcodeproj; path = ../SpreadsheetView.xcodeproj; sourceTree = "<group>"; };
/* End PBXFileReference section */

/* Begin PBXFrameworksBuildPhase section */
		4C4E17291F4D0FCF005BE585 /* Frameworks */ = {
			isa = PBXFrameworksBuildPhase;
			buildActionMask = 2147483647;
			files = (
				4CAC36E31F4D10B7007C095A /* SpreadsheetView.framework in Frameworks */,
			);
			runOnlyForDeploymentPostprocessing = 0;
		};
/* End PBXFrameworksBuildPhase section */

/* Begin PBXGroup section */
		4C4E17231F4D0FCF005BE585 = {
			isa = PBXGroup;
			children = (
				4CAC36DD1F4D10A1007C095A /* SpreadsheetView.xcodeproj */,
				4C4E172E1F4D0FCF005BE585 /* SpreadsheetViewDemo */,
				4C4E172D1F4D0FCF005BE585 /* Products */,
			);
			sourceTree = "<group>";
		};
		4C4E172D1F4D0FCF005BE585 /* Products */ = {
			isa = PBXGroup;
			children = (
				4C4E172C1F4D0FCF005BE585 /* SpreadsheetViewDemo.app */,
			);
			name = Products;
			sourceTree = "<group>";
		};
		4C4E172E1F4D0FCF005BE585 /* SpreadsheetViewDemo */ = {
			isa = PBXGroup;
			children = (
				4C4E172F1F4D0FCF005BE585 /* AppDelegate.swift */,
				4C4E17311F4D0FCF005BE585 /* ViewController.swift */,
				4CAC36CD1F4D1060007C095A /* Data.swift */,
				4C4E17331F4D0FCF005BE585 /* Main.storyboard */,
				4C4E17391F4D0FCF005BE585 /* Assets.xcassets */,
				4C4E173B1F4D0FCF005BE585 /* LaunchScreen.storyboard */,
				4C4E173E1F4D0FCF005BE585 /* Info.plist */,
				4C4E17361F4D0FCF005BE585 /* SpreadsheetViewDemo.xcdatamodeld */,
			);
			path = SpreadsheetViewDemo;
			sourceTree = "<group>";
		};
		4CAC36DE1F4D10A1007C095A /* Products */ = {
			isa = PBXGroup;
			children = (
				4CAC36E21F4D10A1007C095A /* SpreadsheetView.framework */,
			);
			name = Products;
			sourceTree = "<group>";
		};
/* End PBXGroup section */

/* Begin PBXNativeTarget section */
		4C4E172B1F4D0FCF005BE585 /* SpreadsheetViewDemo */ = {
			isa = PBXNativeTarget;
			buildConfigurationList = 4C4E17411F4D0FCF005BE585 /* Build configuration list for PBXNativeTarget "SpreadsheetViewDemo" */;
			buildPhases = (
				4C4E17281F4D0FCF005BE585 /* Sources */,
				4C4E17291F4D0FCF005BE585 /* Frameworks */,
				4C4E172A1F4D0FCF005BE585 /* Resources */,
				4CAC36E71F4D10B7007C095A /* Embed Frameworks */,
			);
			buildRules = (
			);
			dependencies = (
				4CAC36E61F4D10B7007C095A /* PBXTargetDependency */,
			);
			name = SpreadsheetViewDemo;
			productName = SpreadsheetViewDemo;
			productReference = 4C4E172C1F4D0FCF005BE585 /* SpreadsheetViewDemo.app */;
			productType = "com.apple.product-type.application";
		};
/* End PBXNativeTarget section */

/* Begin PBXProject section */
		4C4E17241F4D0FCF005BE585 /* Project object */ = {
			isa = PBXProject;
			attributes = {
				LastSwiftUpdateCheck = 0830;
				LastUpgradeCheck = 0830;
				ORGANIZATIONNAME = ByteSlinger;
				TargetAttributes = {
					4C4E172B1F4D0FCF005BE585 = {
						CreatedOnToolsVersion = 8.3.3;
						DevelopmentTeam = 3PQF87SAEW;
						ProvisioningStyle = Automatic;
					};
				};
			};
			buildConfigurationList = 4C4E17271F4D0FCF005BE585 /* Build configuration list for PBXProject "SpreadsheetViewDemo" */;
			compatibilityVersion = "Xcode 3.2";
			developmentRegion = English;
			hasScannedForEncodings = 0;
			knownRegions = (
				en,
				Base,
			);
			mainGroup = 4C4E17231F4D0FCF005BE585;
			productRefGroup = 4C4E172D1F4D0FCF005BE585 /* Products */;
			projectDirPath = "";
			projectReferences = (
				{
					ProductGroup = 4CAC36DE1F4D10A1007C095A /* Products */;
					ProjectRef = 4CAC36DD1F4D10A1007C095A /* SpreadsheetView.xcodeproj */;
				},
			);
			projectRoot = "";
			targets = (
				4C4E172B1F4D0FCF005BE585 /* SpreadsheetViewDemo */,
			);
		};
/* End PBXProject section */

/* Begin PBXReferenceProxy section */
		4CAC36E21F4D10A1007C095A /* SpreadsheetView.framework */ = {
			isa = PBXReferenceProxy;
			fileType = wrapper.framework;
			path = SpreadsheetView.framework;
			remoteRef = 4CAC36E11F4D10A1007C095A /* PBXContainerItemProxy */;
			sourceTree = BUILT_PRODUCTS_DIR;
		};
/* End PBXReferenceProxy section */

/* Begin PBXResourcesBuildPhase section */
		4C4E172A1F4D0FCF005BE585 /* Resources */ = {
			isa = PBXResourcesBuildPhase;
			buildActionMask = 2147483647;
			files = (
				4C4E173D1F4D0FCF005BE585 /* LaunchScreen.storyboard in Resources */,
				4C4E173A1F4D0FCF005BE585 /* Assets.xcassets in Resources */,
				4C4E17351F4D0FCF005BE585 /* Main.storyboard in Resources */,
			);
			runOnlyForDeploymentPostprocessing = 0;
		};
/* End PBXResourcesBuildPhase section */

/* Begin PBXSourcesBuildPhase section */
		4C4E17281F4D0FCF005BE585 /* Sources */ = {
			isa = PBXSourcesBuildPhase;
			buildActionMask = 2147483647;
			files = (
				4C4E17381F4D0FCF005BE585 /* SpreadsheetViewDemo.xcdatamodeld in Sources */,
				4C4E17321F4D0FCF005BE585 /* ViewController.swift in Sources */,
				4C4E17301F4D0FCF005BE585 /* AppDelegate.swift in Sources */,
				4CAC36CE1F4D1060007C095A /* Data.swift in Sources */,
			);
			runOnlyForDeploymentPostprocessing = 0;
		};
/* End PBXSourcesBuildPhase section */

/* Begin PBXTargetDependency section */
		4CAC36E61F4D10B7007C095A /* PBXTargetDependency */ = {
			isa = PBXTargetDependency;
			name = SpreadsheetView;
			targetProxy = 4CAC36E51F4D10B7007C095A /* PBXContainerItemProxy */;
		};
/* End PBXTargetDependency section */

/* Begin PBXVariantGroup section */
		4C4E17331F4D0FCF005BE585 /* Main.storyboard */ = {
			isa = PBXVariantGroup;
			children = (
				4C4E17341F4D0FCF005BE585 /* Base */,
			);
			name = Main.storyboard;
			sourceTree = "<group>";
		};
		4C4E173B1F4D0FCF005BE585 /* LaunchScreen.storyboard */ = {
			isa = PBXVariantGroup;
			children = (
				4C4E173C1F4D0FCF005BE585 /* Base */,
			);
			name = LaunchScreen.storyboard;
			sourceTree = "<group>";
		};
/* End PBXVariantGroup section */

/* Begin XCBuildConfiguration section */
		4C4E173F1F4D0FCF005BE585 /* Debug */ = {
			isa = XCBuildConfiguration;
			buildSettings = {
				ALWAYS_SEARCH_USER_PATHS = NO;
				CLANG_ANALYZER_NONNULL = YES;
				CLANG_ANALYZER_NUMBER_OBJECT_CONVERSION = YES_AGGRESSIVE;
				CLANG_CXX_LANGUAGE_STANDARD = "gnu++0x";
				CLANG_CXX_LIBRARY = "libc++";
				CLANG_ENABLE_MODULES = YES;
				CLANG_ENABLE_OBJC_ARC = YES;
				CLANG_WARN_BOOL_CONVERSION = YES;
				CLANG_WARN_CONSTANT_CONVERSION = YES;
				CLANG_WARN_DIRECT_OBJC_ISA_USAGE = YES_ERROR;
				CLANG_WARN_DOCUMENTATION_COMMENTS = YES;
				CLANG_WARN_EMPTY_BODY = YES;
				CLANG_WARN_ENUM_CONVERSION = YES;
				CLANG_WARN_INFINITE_RECURSION = YES;
				CLANG_WARN_INT_CONVERSION = YES;
				CLANG_WARN_OBJC_ROOT_CLASS = YES_ERROR;
				CLANG_WARN_SUSPICIOUS_MOVE = YES;
				CLANG_WARN_UNREACHABLE_CODE = YES;
				CLANG_WARN__DUPLICATE_METHOD_MATCH = YES;
				"CODE_SIGN_IDENTITY[sdk=iphoneos*]" = "iPhone Developer";
				COPY_PHASE_STRIP = NO;
				DEBUG_INFORMATION_FORMAT = dwarf;
				ENABLE_STRICT_OBJC_MSGSEND = YES;
				ENABLE_TESTABILITY = YES;
				GCC_C_LANGUAGE_STANDARD = gnu99;
				GCC_DYNAMIC_NO_PIC = NO;
				GCC_NO_COMMON_BLOCKS = YES;
				GCC_OPTIMIZATION_LEVEL = 0;
				GCC_PREPROCESSOR_DEFINITIONS = (
					"DEBUG=1",
					"$(inherited)",
				);
				GCC_WARN_64_TO_32_BIT_CONVERSION = YES;
				GCC_WARN_ABOUT_RETURN_TYPE = YES_ERROR;
				GCC_WARN_UNDECLARED_SELECTOR = YES;
				GCC_WARN_UNINITIALIZED_AUTOS = YES_AGGRESSIVE;
				GCC_WARN_UNUSED_FUNCTION = YES;
				GCC_WARN_UNUSED_VARIABLE = YES;
				IPHONEOS_DEPLOYMENT_TARGET = 10.3;
				MTL_ENABLE_DEBUG_INFO = YES;
				ONLY_ACTIVE_ARCH = YES;
				SDKROOT = iphoneos;
				SWIFT_ACTIVE_COMPILATION_CONDITIONS = DEBUG;
				SWIFT_OPTIMIZATION_LEVEL = "-Onone";
				TARGETED_DEVICE_FAMILY = "1,2";
			};
			name = Debug;
		};
		4C4E17401F4D0FCF005BE585 /* Release */ = {
			isa = XCBuildConfiguration;
			buildSettings = {
				ALWAYS_SEARCH_USER_PATHS = NO;
				CLANG_ANALYZER_NONNULL = YES;
				CLANG_ANALYZER_NUMBER_OBJECT_CONVERSION = YES_AGGRESSIVE;
				CLANG_CXX_LANGUAGE_STANDARD = "gnu++0x";
				CLANG_CXX_LIBRARY = "libc++";
				CLANG_ENABLE_MODULES = YES;
				CLANG_ENABLE_OBJC_ARC = YES;
				CLANG_WARN_BOOL_CONVERSION = YES;
				CLANG_WARN_CONSTANT_CONVERSION = YES;
				CLANG_WARN_DIRECT_OBJC_ISA_USAGE = YES_ERROR;
				CLANG_WARN_DOCUMENTATION_COMMENTS = YES;
				CLANG_WARN_EMPTY_BODY = YES;
				CLANG_WARN_ENUM_CONVERSION = YES;
				CLANG_WARN_INFINITE_RECURSION = YES;
				CLANG_WARN_INT_CONVERSION = YES;
				CLANG_WARN_OBJC_ROOT_CLASS = YES_ERROR;
				CLANG_WARN_SUSPICIOUS_MOVE = YES;
				CLANG_WARN_UNREACHABLE_CODE = YES;
				CLANG_WARN__DUPLICATE_METHOD_MATCH = YES;
				"CODE_SIGN_IDENTITY[sdk=iphoneos*]" = "iPhone Developer";
				COPY_PHASE_STRIP = NO;
				DEBUG_INFORMATION_FORMAT = "dwarf-with-dsym";
				ENABLE_NS_ASSERTIONS = NO;
				ENABLE_STRICT_OBJC_MSGSEND = YES;
				GCC_C_LANGUAGE_STANDARD = gnu99;
				GCC_NO_COMMON_BLOCKS = YES;
				GCC_WARN_64_TO_32_BIT_CONVERSION = YES;
				GCC_WARN_ABOUT_RETURN_TYPE = YES_ERROR;
				GCC_WARN_UNDECLARED_SELECTOR = YES;
				GCC_WARN_UNINITIALIZED_AUTOS = YES_AGGRESSIVE;
				GCC_WARN_UNUSED_FUNCTION = YES;
				GCC_WARN_UNUSED_VARIABLE = YES;
				IPHONEOS_DEPLOYMENT_TARGET = 10.3;
				MTL_ENABLE_DEBUG_INFO = NO;
				SDKROOT = iphoneos;
				SWIFT_OPTIMIZATION_LEVEL = "-Owholemodule";
				TARGETED_DEVICE_FAMILY = "1,2";
				VALIDATE_PRODUCT = YES;
			};
			name = Release;
		};
		4C4E17421F4D0FCF005BE585 /* Debug */ = {
			isa = XCBuildConfiguration;
			buildSettings = {
				ALWAYS_EMBED_SWIFT_STANDARD_LIBRARIES = YES;
				ASSETCATALOG_COMPILER_APPICON_NAME = AppIcon;
				DEVELOPMENT_TEAM = 3PQF87SAEW;
				INFOPLIST_FILE = SpreadsheetViewDemo/Info.plist;
				LD_RUNPATH_SEARCH_PATHS = "$(inherited) @executable_path/Frameworks";
				PRODUCT_BUNDLE_IDENTIFIER = net.byteslinger.SpreadsheetViewDemo;
				PRODUCT_NAME = "$(TARGET_NAME)";
				SWIFT_VERSION = 3.0;
			};
			name = Debug;
		};
		4C4E17431F4D0FCF005BE585 /* Release */ = {
			isa = XCBuildConfiguration;
			buildSettings = {
				ALWAYS_EMBED_SWIFT_STANDARD_LIBRARIES = YES;
				ASSETCATALOG_COMPILER_APPICON_NAME = AppIcon;
				DEVELOPMENT_TEAM = 3PQF87SAEW;
				INFOPLIST_FILE = SpreadsheetViewDemo/Info.plist;
				LD_RUNPATH_SEARCH_PATHS = "$(inherited) @executable_path/Frameworks";
				PRODUCT_BUNDLE_IDENTIFIER = net.byteslinger.SpreadsheetViewDemo;
				PRODUCT_NAME = "$(TARGET_NAME)";
				SWIFT_VERSION = 3.0;
			};
			name = Release;
		};
/* End XCBuildConfiguration section */

/* Begin XCConfigurationList section */
		4C4E17271F4D0FCF005BE585 /* Build configuration list for PBXProject "SpreadsheetViewDemo" */ = {
			isa = XCConfigurationList;
			buildConfigurations = (
				4C4E173F1F4D0FCF005BE585 /* Debug */,
				4C4E17401F4D0FCF005BE585 /* Release */,
			);
			defaultConfigurationIsVisible = 0;
			defaultConfigurationName = Release;
		};
		4C4E17411F4D0FCF005BE585 /* Build configuration list for PBXNativeTarget "SpreadsheetViewDemo" */ = {
			isa = XCConfigurationList;
			buildConfigurations = (
				4C4E17421F4D0FCF005BE585 /* Debug */,
				4C4E17431F4D0FCF005BE585 /* Release */,
			);
			defaultConfigurationIsVisible = 0;
			defaultConfigurationName = Release;
		};
/* End XCConfigurationList section */

/* Begin XCVersionGroup section */
		4C4E17361F4D0FCF005BE585 /* SpreadsheetViewDemo.xcdatamodeld */ = {
			isa = XCVersionGroup;
			children = (
				4C4E17371F4D0FCF005BE585 /* SpreadsheetViewDemo.xcdatamodel */,
			);
			currentVersion = 4C4E17371F4D0FCF005BE585 /* SpreadsheetViewDemo.xcdatamodel */;
			path = SpreadsheetViewDemo.xcdatamodeld;
			sourceTree = "<group>";
			versionGroupType = wrapper.xcdatamodel;
		};
/* End XCVersionGroup section */
	};
	rootObject = 4C4E17241F4D0FCF005BE585 /* Project object */;
}
