// !$*UTF8*$!
{
	archiveVersion = 1;
	classes = {
	};
	objectVersion = 48;
	objects = {

/* Begin PBXBuildFile section */
		4C7FFAC01F9A807C0038F1CD /* Spreadsheet.storyboard in Resources */ = {isa = PBXBuildFile; fileRef = 4C7FFABE1F9A807C0038F1CD /* Spreadsheet.storyboard */; };
		4CF3B2581F9A788A003B0786 /* AppDelegate.swift in Sources */ = {isa = PBXBuildFile; fileRef = 4CF3B2571F9A788A003B0786 /* AppDelegate.swift */; };
		4CF3B25A1F9A788A003B0786 /* ViewController.swift in Sources */ = {isa = PBXBuildFile; fileRef = 4CF3B2591F9A788A003B0786 /* ViewController.swift */; };
		4CF3B2601F9A788A003B0786 /* SpreadsheetViewDemo.xcdatamodeld in Sources */ = {isa = PBXBuildFile; fileRef = 4CF3B25E1F9A788A003B0786 /* SpreadsheetViewDemo.xcdatamodeld */; };
		4CF3B2621F9A788A003B0786 /* Assets.xcassets in Resources */ = {isa = PBXBuildFile; fileRef = 4CF3B2611F9A788A003B0786 /* Assets.xcassets */; };
		4CF3B2651F9A788A003B0786 /* LaunchScreen.storyboard in Resources */ = {isa = PBXBuildFile; fileRef = 4CF3B2631F9A788A003B0786 /* LaunchScreen.storyboard */; };
		4CF3B2771F9A79AE003B0786 /* SpreadsheetView.framework in Frameworks */ = {isa = PBXBuildFile; fileRef = 4CF3B2711F9A78BC003B0786 /* SpreadsheetView.framework */; };
		4CF3B2781F9A79AE003B0786 /* SpreadsheetView.framework in Embed Frameworks */ = {isa = PBXBuildFile; fileRef = 4CF3B2711F9A78BC003B0786 /* SpreadsheetView.framework */; settings = {ATTRIBUTES = (CodeSignOnCopy, RemoveHeadersOnCopy, ); }; };
		4CF3B2811F9A7DEE003B0786 /* Data.swift in Sources */ = {isa = PBXBuildFile; fileRef = 4CF3B2801F9A7DEE003B0786 /* Data.swift */; };
/* End PBXBuildFile section */

/* Begin PBXContainerItemProxy section */
		4CF3B2701F9A78BC003B0786 /* PBXContainerItemProxy */ = {
			isa = PBXContainerItemProxy;
			containerPortal = 4CF3B26C1F9A78BB003B0786 /* SpreadsheetView.xcodeproj */;
			proxyType = 2;
			remoteGlobalIDString = 4C4E17181F4D0FA0005BE585;
			remoteInfo = SpreadsheetView;
		};
		4CF3B2791F9A79AE003B0786 /* PBXContainerItemProxy */ = {
			isa = PBXContainerItemProxy;
			containerPortal = 4CF3B26C1F9A78BB003B0786 /* SpreadsheetView.xcodeproj */;
			proxyType = 1;
			remoteGlobalIDString = 4C4E17171F4D0FA0005BE585;
			remoteInfo = SpreadsheetView;
		};
/* End PBXContainerItemProxy section */

/* Begin PBXCopyFilesBuildPhase section */
		4CF3B27B1F9A79AE003B0786 /* Embed Frameworks */ = {
			isa = PBXCopyFilesBuildPhase;
			buildActionMask = 2147483647;
			dstPath = "";
			dstSubfolderSpec = 10;
			files = (
				4CF3B2781F9A79AE003B0786 /* SpreadsheetView.framework in Embed Frameworks */,
			);
			name = "Embed Frameworks";
			runOnlyForDeploymentPostprocessing = 0;
		};
/* End PBXCopyFilesBuildPhase section */

/* Begin PBXFileReference section */
		4C7FFABF1F9A807C0038F1CD /* Base */ = {isa = PBXFileReference; lastKnownFileType = file.storyboard; name = Base; path = Base.lproj/Spreadsheet.storyboard; sourceTree = "<group>"; };
		4CF3B2541F9A788A003B0786 /* SpreadsheetViewDemo.app */ = {isa = PBXFileReference; explicitFileType = wrapper.application; includeInIndex = 0; path = SpreadsheetViewDemo.app; sourceTree = BUILT_PRODUCTS_DIR; };
		4CF3B2571F9A788A003B0786 /* AppDelegate.swift */ = {isa = PBXFileReference; lastKnownFileType = sourcecode.swift; path = AppDelegate.swift; sourceTree = "<group>"; };
		4CF3B2591F9A788A003B0786 /* ViewController.swift */ = {isa = PBXFileReference; lastKnownFileType = sourcecode.swift; path = ViewController.swift; sourceTree = "<group>"; };
		4CF3B25F1F9A788A003B0786 /* SpreadsheetViewDemo.xcdatamodel */ = {isa = PBXFileReference; lastKnownFileType = wrapper.xcdatamodel; path = SpreadsheetViewDemo.xcdatamodel; sourceTree = "<group>"; };
		4CF3B2611F9A788A003B0786 /* Assets.xcassets */ = {isa = PBXFileReference; lastKnownFileType = folder.assetcatalog; path = Assets.xcassets; sourceTree = "<group>"; };
		4CF3B2641F9A788A003B0786 /* Base */ = {isa = PBXFileReference; lastKnownFileType = file.storyboard; name = Base; path = Base.lproj/LaunchScreen.storyboard; sourceTree = "<group>"; };
		4CF3B2661F9A788A003B0786 /* Info.plist */ = {isa = PBXFileReference; lastKnownFileType = text.plist.xml; path = Info.plist; sourceTree = "<group>"; };
		4CF3B26C1F9A78BB003B0786 /* SpreadsheetView.xcodeproj */ = {isa = PBXFileReference; lastKnownFileType = "wrapper.pb-project"; name = SpreadsheetView.xcodeproj; path = ../SpreadsheetView.xcodeproj; sourceTree = "<group>"; };
		4CF3B2801F9A7DEE003B0786 /* Data.swift */ = {isa = PBXFileReference; fileEncoding = 4; lastKnownFileType = sourcecode.swift; path = Data.swift; sourceTree = "<group>"; };
/* End PBXFileReference section */

/* Begin PBXFrameworksBuildPhase section */
		4CF3B2511F9A788A003B0786 /* Frameworks */ = {
			isa = PBXFrameworksBuildPhase;
			buildActionMask = 2147483647;
			files = (
				4CF3B2771F9A79AE003B0786 /* SpreadsheetView.framework in Frameworks */,
			);
			runOnlyForDeploymentPostprocessing = 0;
		};
/* End PBXFrameworksBuildPhase section */

/* Begin PBXGroup section */
		4CF3B24B1F9A788A003B0786 = {
			isa = PBXGroup;
			children = (
				4CF3B26C1F9A78BB003B0786 /* SpreadsheetView.xcodeproj */,
				4CF3B2561F9A788A003B0786 /* SpreadsheetViewDemo */,
				4CF3B2551F9A788A003B0786 /* Products */,
			);
			sourceTree = "<group>";
		};
		4CF3B2551F9A788A003B0786 /* Products */ = {
			isa = PBXGroup;
			children = (
				4CF3B2541F9A788A003B0786 /* SpreadsheetViewDemo.app */,
			);
			name = Products;
			sourceTree = "<group>";
		};
		4CF3B2561F9A788A003B0786 /* SpreadsheetViewDemo */ = {
			isa = PBXGroup;
			children = (
				4CF3B2571F9A788A003B0786 /* AppDelegate.swift */,
				4CF3B2591F9A788A003B0786 /* ViewController.swift */,
				4CF3B2801F9A7DEE003B0786 /* Data.swift */,
				4CF3B2611F9A788A003B0786 /* Assets.xcassets */,
				4C7FFABE1F9A807C0038F1CD /* Spreadsheet.storyboard */,
				4CF3B2631F9A788A003B0786 /* LaunchScreen.storyboard */,
				4CF3B2661F9A788A003B0786 /* Info.plist */,
				4CF3B25E1F9A788A003B0786 /* SpreadsheetViewDemo.xcdatamodeld */,
			);
			path = SpreadsheetViewDemo;
			sourceTree = "<group>";
		};
		4CF3B26D1F9A78BB003B0786 /* Products */ = {
			isa = PBXGroup;
			children = (
				4CF3B2711F9A78BC003B0786 /* SpreadsheetView.framework */,
			);
			name = Products;
			sourceTree = "<group>";
		};
/* End PBXGroup section */

/* Begin PBXNativeTarget section */
		4CF3B2531F9A788A003B0786 /* SpreadsheetViewDemo */ = {
			isa = PBXNativeTarget;
			buildConfigurationList = 4CF3B2691F9A788A003B0786 /* Build configuration list for PBXNativeTarget "SpreadsheetViewDemo" */;
			buildPhases = (
				4CF3B2501F9A788A003B0786 /* Sources */,
				4CF3B2511F9A788A003B0786 /* Frameworks */,
				4CF3B2521F9A788A003B0786 /* Resources */,
				4CF3B27B1F9A79AE003B0786 /* Embed Frameworks */,
			);
			buildRules = (
			);
			dependencies = (
				4CF3B27A1F9A79AE003B0786 /* PBXTargetDependency */,
			);
			name = SpreadsheetViewDemo;
			productName = SpreadsheetViewDemo;
			productReference = 4CF3B2541F9A788A003B0786 /* SpreadsheetViewDemo.app */;
			productType = "com.apple.product-type.application";
		};
/* End PBXNativeTarget section */

/* Begin PBXProject section */
		4CF3B24C1F9A788A003B0786 /* Project object */ = {
			isa = PBXProject;
			attributes = {
				LastSwiftUpdateCheck = 0900;
				LastUpgradeCheck = 0900;
				ORGANIZATIONNAME = ByteSlinger;
				TargetAttributes = {
					4CF3B2531F9A788A003B0786 = {
						CreatedOnToolsVersion = 9.0.1;
						ProvisioningStyle = Automatic;
					};
				};
			};
			buildConfigurationList = 4CF3B24F1F9A788A003B0786 /* Build configuration list for PBXProject "SpreadsheetViewDemo" */;
			compatibilityVersion = "Xcode 8.0";
			developmentRegion = en;
			hasScannedForEncodings = 0;
			knownRegions = (
				en,
				Base,
			);
			mainGroup = 4CF3B24B1F9A788A003B0786;
			productRefGroup = 4CF3B2551F9A788A003B0786 /* Products */;
			projectDirPath = "";
			projectReferences = (
				{
					ProductGroup = 4CF3B26D1F9A78BB003B0786 /* Products */;
					ProjectRef = 4CF3B26C1F9A78BB003B0786 /* SpreadsheetView.xcodeproj */;
				},
			);
			projectRoot = "";
			targets = (
				4CF3B2531F9A788A003B0786 /* SpreadsheetViewDemo */,
			);
		};
/* End PBXProject section */

/* Begin PBXReferenceProxy section */
		4CF3B2711F9A78BC003B0786 /* SpreadsheetView.framework */ = {
			isa = PBXReferenceProxy;
			fileType = wrapper.framework;
			path = SpreadsheetView.framework;
			remoteRef = 4CF3B2701F9A78BC003B0786 /* PBXContainerItemProxy */;
			sourceTree = BUILT_PRODUCTS_DIR;
		};
/* End PBXReferenceProxy section */

/* Begin PBXResourcesBuildPhase section */
		4CF3B2521F9A788A003B0786 /* Resources */ = {
			isa = PBXResourcesBuildPhase;
			buildActionMask = 2147483647;
			files = (
				4CF3B2651F9A788A003B0786 /* LaunchScreen.storyboard in Resources */,
				4C7FFAC01F9A807C0038F1CD /* Spreadsheet.storyboard in Resources */,
				4CF3B2621F9A788A003B0786 /* Assets.xcassets in Resources */,
			);
			runOnlyForDeploymentPostprocessing = 0;
		};
/* End PBXResourcesBuildPhase section */

/* Begin PBXSourcesBuildPhase section */
		4CF3B2501F9A788A003B0786 /* Sources */ = {
			isa = PBXSourcesBuildPhase;
			buildActionMask = 2147483647;
			files = (
				4CF3B2601F9A788A003B0786 /* SpreadsheetViewDemo.xcdatamodeld in Sources */,
				4CF3B2811F9A7DEE003B0786 /* Data.swift in Sources */,
				4CF3B25A1F9A788A003B0786 /* ViewController.swift in Sources */,
				4CF3B2581F9A788A003B0786 /* AppDelegate.swift in Sources */,
			);
			runOnlyForDeploymentPostprocessing = 0;
		};
/* End PBXSourcesBuildPhase section */

/* Begin PBXTargetDependency section */
		4CF3B27A1F9A79AE003B0786 /* PBXTargetDependency */ = {
			isa = PBXTargetDependency;
			name = SpreadsheetView;
			targetProxy = 4CF3B2791F9A79AE003B0786 /* PBXContainerItemProxy */;
		};
/* End PBXTargetDependency section */

/* Begin PBXVariantGroup section */
		4C7FFABE1F9A807C0038F1CD /* Spreadsheet.storyboard */ = {
			isa = PBXVariantGroup;
			children = (
				4C7FFABF1F9A807C0038F1CD /* Base */,
			);
			name = Spreadsheet.storyboard;
			sourceTree = "<group>";
		};
		4CF3B2631F9A788A003B0786 /* LaunchScreen.storyboard */ = {
			isa = PBXVariantGroup;
			children = (
				4CF3B2641F9A788A003B0786 /* Base */,
			);
			name = LaunchScreen.storyboard;
			sourceTree = "<group>";
		};
/* End PBXVariantGroup section */

/* Begin XCBuildConfiguration section */
		4CF3B2671F9A788A003B0786 /* Debug */ = {
			isa = XCBuildConfiguration;
			buildSettings = {
				ALWAYS_SEARCH_USER_PATHS = NO;
				CLANG_ANALYZER_NONNULL = YES;
				CLANG_ANALYZER_NUMBER_OBJECT_CONVERSION = YES_AGGRESSIVE;
				CLANG_CXX_LANGUAGE_STANDARD = "gnu++14";
				CLANG_CXX_LIBRARY = "libc++";
				CLANG_ENABLE_MODULES = YES;
				CLANG_ENABLE_OBJC_ARC = YES;
				CLANG_WARN_BLOCK_CAPTURE_AUTORELEASING = YES;
				CLANG_WARN_BOOL_CONVERSION = YES;
				CLANG_WARN_COMMA = YES;
				CLANG_WARN_CONSTANT_CONVERSION = YES;
				CLANG_WARN_DIRECT_OBJC_ISA_USAGE = YES_ERROR;
				CLANG_WARN_DOCUMENTATION_COMMENTS = YES;
				CLANG_WARN_EMPTY_BODY = YES;
				CLANG_WARN_ENUM_CONVERSION = YES;
				CLANG_WARN_INFINITE_RECURSION = YES;
				CLANG_WARN_INT_CONVERSION = YES;
				CLANG_WARN_NON_LITERAL_NULL_CONVERSION = YES;
				CLANG_WARN_OBJC_LITERAL_CONVERSION = YES;
				CLANG_WARN_OBJC_ROOT_CLASS = YES_ERROR;
				CLANG_WARN_RANGE_LOOP_ANALYSIS = YES;
				CLANG_WARN_STRICT_PROTOTYPES = YES;
				CLANG_WARN_SUSPICIOUS_MOVE = YES;
				CLANG_WARN_UNGUARDED_AVAILABILITY = YES_AGGRESSIVE;
				CLANG_WARN_UNREACHABLE_CODE = YES;
				CLANG_WARN__DUPLICATE_METHOD_MATCH = YES;
				CODE_SIGN_IDENTITY = "iPhone Developer";
				COPY_PHASE_STRIP = NO;
				DEBUG_INFORMATION_FORMAT = dwarf;
				ENABLE_STRICT_OBJC_MSGSEND = YES;
				ENABLE_TESTABILITY = YES;
				GCC_C_LANGUAGE_STANDARD = gnu11;
				GCC_DYNAMIC_NO_PIC = NO;
				GCC_NO_COMMON_BLOCKS = YES;
				GCC_OPTIMIZATION_LEVEL = 0;
				GCC_PREPROCESSOR_DEFINITIONS = (
					"DEBUG=1",
					"$(inherited)",
				);
				GCC_WARN_64_TO_32_BIT_CONVERSION = YES;
				GCC_WARN_ABOUT_RETURN_TYPE = YES_ERROR;
				GCC_WARN_UNDECLARED_SELECTOR = YES;
				GCC_WARN_UNINITIALIZED_AUTOS = YES_AGGRESSIVE;
				GCC_WARN_UNUSED_FUNCTION = YES;
				GCC_WARN_UNUSED_VARIABLE = YES;
				IPHONEOS_DEPLOYMENT_TARGET = 11.0;
				MTL_ENABLE_DEBUG_INFO = YES;
				ONLY_ACTIVE_ARCH = YES;
				SDKROOT = iphoneos;
				SWIFT_ACTIVE_COMPILATION_CONDITIONS = DEBUG;
				SWIFT_OPTIMIZATION_LEVEL = "-Onone";
			};
			name = Debug;
		};
		4CF3B2681F9A788A003B0786 /* Release */ = {
			isa = XCBuildConfiguration;
			buildSettings = {
				ALWAYS_SEARCH_USER_PATHS = NO;
				CLANG_ANALYZER_NONNULL = YES;
				CLANG_ANALYZER_NUMBER_OBJECT_CONVERSION = YES_AGGRESSIVE;
				CLANG_CXX_LANGUAGE_STANDARD = "gnu++14";
				CLANG_CXX_LIBRARY = "libc++";
				CLANG_ENABLE_MODULES = YES;
				CLANG_ENABLE_OBJC_ARC = YES;
				CLANG_WARN_BLOCK_CAPTURE_AUTORELEASING = YES;
				CLANG_WARN_BOOL_CONVERSION = YES;
				CLANG_WARN_COMMA = YES;
				CLANG_WARN_CONSTANT_CONVERSION = YES;
				CLANG_WARN_DIRECT_OBJC_ISA_USAGE = YES_ERROR;
				CLANG_WARN_DOCUMENTATION_COMMENTS = YES;
				CLANG_WARN_EMPTY_BODY = YES;
				CLANG_WARN_ENUM_CONVERSION = YES;
				CLANG_WARN_INFINITE_RECURSION = YES;
				CLANG_WARN_INT_CONVERSION = YES;
				CLANG_WARN_NON_LITERAL_NULL_CONVERSION = YES;
				CLANG_WARN_OBJC_LITERAL_CONVERSION = YES;
				CLANG_WARN_OBJC_ROOT_CLASS = YES_ERROR;
				CLANG_WARN_RANGE_LOOP_ANALYSIS = YES;
				CLANG_WARN_STRICT_PROTOTYPES = YES;
				CLANG_WARN_SUSPICIOUS_MOVE = YES;
				CLANG_WARN_UNGUARDED_AVAILABILITY = YES_AGGRESSIVE;
				CLANG_WARN_UNREACHABLE_CODE = YES;
				CLANG_WARN__DUPLICATE_METHOD_MATCH = YES;
				CODE_SIGN_IDENTITY = "iPhone Developer";
				COPY_PHASE_STRIP = NO;
				DEBUG_INFORMATION_FORMAT = "dwarf-with-dsym";
				ENABLE_NS_ASSERTIONS = NO;
				ENABLE_STRICT_OBJC_MSGSEND = YES;
				GCC_C_LANGUAGE_STANDARD = gnu11;
				GCC_NO_COMMON_BLOCKS = YES;
				GCC_WARN_64_TO_32_BIT_CONVERSION = YES;
				GCC_WARN_ABOUT_RETURN_TYPE = YES_ERROR;
				GCC_WARN_UNDECLARED_SELECTOR = YES;
				GCC_WARN_UNINITIALIZED_AUTOS = YES_AGGRESSIVE;
				GCC_WARN_UNUSED_FUNCTION = YES;
				GCC_WARN_UNUSED_VARIABLE = YES;
				IPHONEOS_DEPLOYMENT_TARGET = 11.0;
				MTL_ENABLE_DEBUG_INFO = NO;
				ONLY_ACTIVE_ARCH = YES;
				SDKROOT = iphoneos;
				SWIFT_OPTIMIZATION_LEVEL = "-Owholemodule";
				VALIDATE_PRODUCT = YES;
			};
			name = Release;
		};
		4CF3B26A1F9A788A003B0786 /* Debug */ = {
			isa = XCBuildConfiguration;
			buildSettings = {
				ALWAYS_EMBED_SWIFT_STANDARD_LIBRARIES = YES;
				ASSETCATALOG_COMPILER_APPICON_NAME = AppIcon;
				CODE_SIGN_STYLE = Automatic;
				DEVELOPMENT_TEAM = 3PQF87SAEW;
				INFOPLIST_FILE = SpreadsheetViewDemo/Info.plist;
				LD_RUNPATH_SEARCH_PATHS = "$(inherited) @executable_path/Frameworks";
				PRODUCT_BUNDLE_IDENTIFIER = net.byteslinger.SpreadsheetViewDemo;
				PRODUCT_NAME = "$(TARGET_NAME)";
				SWIFT_VERSION = 4.0;
				TARGETED_DEVICE_FAMILY = "1,2";
			};
			name = Debug;
		};
		4CF3B26B1F9A788A003B0786 /* Release */ = {
			isa = XCBuildConfiguration;
			buildSettings = {
				ALWAYS_EMBED_SWIFT_STANDARD_LIBRARIES = YES;
				ASSETCATALOG_COMPILER_APPICON_NAME = AppIcon;
				CODE_SIGN_STYLE = Automatic;
				DEVELOPMENT_TEAM = 3PQF87SAEW;
				INFOPLIST_FILE = SpreadsheetViewDemo/Info.plist;
				LD_RUNPATH_SEARCH_PATHS = "$(inherited) @executable_path/Frameworks";
				PRODUCT_BUNDLE_IDENTIFIER = net.byteslinger.SpreadsheetViewDemo;
				PRODUCT_NAME = "$(TARGET_NAME)";
				SWIFT_VERSION = 4.0;
				TARGETED_DEVICE_FAMILY = "1,2";
			};
			name = Release;
		};
/* End XCBuildConfiguration section */

/* Begin XCConfigurationList section */
		4CF3B24F1F9A788A003B0786 /* Build configuration list for PBXProject "SpreadsheetViewDemo" */ = {
			isa = XCConfigurationList;
			buildConfigurations = (
				4CF3B2671F9A788A003B0786 /* Debug */,
				4CF3B2681F9A788A003B0786 /* Release */,
			);
			defaultConfigurationIsVisible = 0;
			defaultConfigurationName = Release;
		};
		4CF3B2691F9A788A003B0786 /* Build configuration list for PBXNativeTarget "SpreadsheetViewDemo" */ = {
			isa = XCConfigurationList;
			buildConfigurations = (
				4CF3B26A1F9A788A003B0786 /* Debug */,
				4CF3B26B1F9A788A003B0786 /* Release */,
			);
			defaultConfigurationIsVisible = 0;
			defaultConfigurationName = Release;
		};
/* End XCConfigurationList section */

/* Begin XCVersionGroup section */
		4CF3B25E1F9A788A003B0786 /* SpreadsheetViewDemo.xcdatamodeld */ = {
			isa = XCVersionGroup;
			children = (
				4CF3B25F1F9A788A003B0786 /* SpreadsheetViewDemo.xcdatamodel */,
			);
			currentVersion = 4CF3B25F1F9A788A003B0786 /* SpreadsheetViewDemo.xcdatamodel */;
			path = SpreadsheetViewDemo.xcdatamodeld;
			sourceTree = "<group>";
			versionGroupType = wrapper.xcdatamodel;
		};
/* End XCVersionGroup section */
	};
	rootObject = 4CF3B24C1F9A788A003B0786 /* Project object */;
}
